
Microsoft Visual Studio Solution File, Format Version 12.00
# Visual Studio Version 17
VisualStudioVersion = 17.4.33110.190
MinimumVisualStudioVersion = 10.0.40219.1
Project("{FAE04EC0-301F-11D3-BF4B-00C04F79EFBC}") = "U1W1-OOP", "U1W1-OOP\U1W1-OOP.csproj", "{5E773872-E674-4DB7-A054-2CFCC6F4F215}"
EndProject
Global
	GlobalSection(SolutionConfigurationPlatforms) = preSolution
		Debug|Any CPU = Debug|Any CPU
		Release|Any CPU = Release|Any CPU
	EndGlobalSection
	GlobalSection(ProjectConfigurationPlatforms) = postSolution
		{5E773872-E674-4DB7-A054-2CFCC6F4F215}.Debug|Any CPU.ActiveCfg = Debug|Any CPU
		{5E773872-E674-4DB7-A054-2CFCC6F4F215}.Debug|Any CPU.Build.0 = Debug|Any CPU
		{5E773872-E674-4DB7-A054-2CFCC6F4F215}.Release|Any CPU.ActiveCfg = Release|Any CPU
		{5E773872-E674-4DB7-A054-2CFCC6F4F215}.Release|Any CPU.Build.0 = Release|Any CPU
	EndGlobalSection
	GlobalSection(SolutionProperties) = preSolution
		HideSolutionNode = FALSE
	EndGlobalSection
	GlobalSection(ExtensibilityGlobals) = postSolution
		SolutionGuid = {474777A4-303D-468A-AAD2-63223F0CEED8}
	EndGlobalSection
EndGlobal
